{
  "originHash" : "f05e18317a329d6bf6fa50e165ea926b208ed2d6edc5eefb29c494b84f3c429b",
  "pins" : [
    {
      "identity" : "swiftopenai",
      "kind" : "remoteSourceControl",
      "location" : "https://github.com/SwiftBeta/SwiftOpenAI.git",
      "state" : {
        "revision" : "b316788cf0e6584cc730d8231112dd2c76458713",
        "version" : "1.9.0"
      }
    },
    {
      "identity" : "swiftsoup",
      "kind" : "remoteSourceControl",
      "location" : "https://github.com/scinfu/SwiftSoup.git",
      "state" : {
        "revision" : "0837db354faf9c9deb710dc597046edaadf5360f",
        "version" : "2.7.6"
      }
    }
  ],
  "version" : 3
}
